<Solution>
  <Configurations>
    <BuildType Name="Standard" />
    <BuildType Name="AsyncRuntime" />
  </Configurations>
  <Folder Name="/IL/">
    <File Path="IL\experiment.il" />
    <File Path="IL\standart.il" />
  </Folder>
  <Project Path="Async\Async.csproj" />
  <Project Path="Benchmark/Benchmark.csproj" />
  <Project Path="Manual\Manual.csproj" />
</Solution>
